
Microsoft Visual Studio Solution File, Format Version 12.00
# Visual Studio Version 16
VisualStudioVersion = 16.0.31321.278
MinimumVisualStudioVersion = 10.0.40219.1
Project("{2150E333-8FDC-42A3-9474-1A3956D46DE8}") = "Tests", "Tests", "{451ADE77-CB77-4F44-8220-9E3FBFD8ABB5}"
EndProject
Project("{9A19103F-16F7-4668-BE54-9A1E7A4F7556}") = "EckTech.PasswordSafe.Modules.ModuleName.Tests", "Tests\EckTech.PasswordSafe.Modules.ModuleName.Tests\EckTech.PasswordSafe.Modules.ModuleName.Tests.csproj", "{E9F535F2-65EF-42CD-8BEC-7F187A96E6D4}"
EndProject
Project("{2150E333-8FDC-42A3-9474-1A3956D46DE8}") = "Modules", "Modules", "{FB14A5EC-00EF-4FBA-837F-8D41CED67250}"
EndProject
Project("{2150E333-8FDC-42A3-9474-1A3956D46DE8}") = "Services", "Services", "{0E58B26B-F9AE-49D7-99D1-4A5137F3A5A7}"
EndProject
Project("{9A19103F-16F7-4668-BE54-9A1E7A4F7556}") = "EckTech.PasswordSafe.Services", "Services\EckTech.PasswordSafe.Services\EckTech.PasswordSafe.Services.csproj", "{77FF270C-6F70-43F6-8FC2-35F50021979F}"
EndProject
Project("{9A19103F-16F7-4668-BE54-9A1E7A4F7556}") = "EckTech.PasswordSafe.Services.Interfaces", "Services\EckTech.PasswordSafe.Services.Interfaces\EckTech.PasswordSafe.Services.Interfaces.csproj", "{CAFF7056-4199-4AB0-B432-E2F263AD36F9}"
EndProject
Project("{9A19103F-16F7-4668-BE54-9A1E7A4F7556}") = "EckTech.PasswordSafe", "EckTech.PasswordSafe\EckTech.PasswordSafe.csproj", "{E8C8103B-256E-47A5-A58B-19FD5EA4690E}"
EndProject
Project("{9A19103F-16F7-4668-BE54-9A1E7A4F7556}") = "EckTech.PasswordSafe.Core", "EckTech.PasswordSafe.Core\EckTech.PasswordSafe.Core.csproj", "{1E5C7B1C-1B87-4C6E-8648-C3FEF8AFB165}"
EndProject
Project("{9A19103F-16F7-4668-BE54-9A1E7A4F7556}") = "EckTech.PasswordSafe.Modules.PasswordsGrid", "Modules\EckTech.PasswordSafe.Modules.PasswordsGrid\EckTech.PasswordSafe.Modules.PasswordsGrid.csproj", "{3E999ED8-21D4-46A1-A387-C60BD69AE470}"
EndProject
Global
	GlobalSection(SolutionConfigurationPlatforms) = preSolution
		Debug|Any CPU = Debug|Any CPU
		Release|Any CPU = Release|Any CPU
	EndGlobalSection
	GlobalSection(ProjectConfigurationPlatforms) = postSolution
		{E9F535F2-65EF-42CD-8BEC-7F187A96E6D4}.Debug|Any CPU.ActiveCfg = Debug|Any CPU
		{E9F535F2-65EF-42CD-8BEC-7F187A96E6D4}.Debug|Any CPU.Build.0 = Debug|Any CPU
		{E9F535F2-65EF-42CD-8BEC-7F187A96E6D4}.Release|Any CPU.ActiveCfg = Release|Any CPU
		{E9F535F2-65EF-42CD-8BEC-7F187A96E6D4}.Release|Any CPU.Build.0 = Release|Any CPU
		{77FF270C-6F70-43F6-8FC2-35F50021979F}.Debug|Any CPU.ActiveCfg = Debug|Any CPU
		{77FF270C-6F70-43F6-8FC2-35F50021979F}.Debug|Any CPU.Build.0 = Debug|Any CPU
		{77FF270C-6F70-43F6-8FC2-35F50021979F}.Release|Any CPU.ActiveCfg = Release|Any CPU
		{77FF270C-6F70-43F6-8FC2-35F50021979F}.Release|Any CPU.Build.0 = Release|Any CPU
		{CAFF7056-4199-4AB0-B432-E2F263AD36F9}.Debug|Any CPU.ActiveCfg = Debug|Any CPU
		{CAFF7056-4199-4AB0-B432-E2F263AD36F9}.Debug|Any CPU.Build.0 = Debug|Any CPU
		{CAFF7056-4199-4AB0-B432-E2F263AD36F9}.Release|Any CPU.ActiveCfg = Release|Any CPU
		{CAFF7056-4199-4AB0-B432-E2F263AD36F9}.Release|Any CPU.Build.0 = Release|Any CPU
		{E8C8103B-256E-47A5-A58B-19FD5EA4690E}.Debug|Any CPU.ActiveCfg = Debug|Any CPU
		{E8C8103B-256E-47A5-A58B-19FD5EA4690E}.Debug|Any CPU.Build.0 = Debug|Any CPU
		{E8C8103B-256E-47A5-A58B-19FD5EA4690E}.Release|Any CPU.ActiveCfg = Release|Any CPU
		{E8C8103B-256E-47A5-A58B-19FD5EA4690E}.Release|Any CPU.Build.0 = Release|Any CPU
		{1E5C7B1C-1B87-4C6E-8648-C3FEF8AFB165}.Debug|Any CPU.ActiveCfg = Debug|Any CPU
		{1E5C7B1C-1B87-4C6E-8648-C3FEF8AFB165}.Debug|Any CPU.Build.0 = Debug|Any CPU
		{1E5C7B1C-1B87-4C6E-8648-C3FEF8AFB165}.Release|Any CPU.ActiveCfg = Release|Any CPU
		{1E5C7B1C-1B87-4C6E-8648-C3FEF8AFB165}.Release|Any CPU.Build.0 = Release|Any CPU
		{3E999ED8-21D4-46A1-A387-C60BD69AE470}.Debug|Any CPU.ActiveCfg = Debug|Any CPU
		{3E999ED8-21D4-46A1-A387-C60BD69AE470}.Debug|Any CPU.Build.0 = Debug|Any CPU
		{3E999ED8-21D4-46A1-A387-C60BD69AE470}.Release|Any CPU.ActiveCfg = Release|Any CPU
		{3E999ED8-21D4-46A1-A387-C60BD69AE470}.Release|Any CPU.Build.0 = Release|Any CPU
	EndGlobalSection
	GlobalSection(SolutionProperties) = preSolution
		HideSolutionNode = FALSE
	EndGlobalSection
	GlobalSection(NestedProjects) = preSolution
		{E9F535F2-65EF-42CD-8BEC-7F187A96E6D4} = {451ADE77-CB77-4F44-8220-9E3FBFD8ABB5}
		{77FF270C-6F70-43F6-8FC2-35F50021979F} = {0E58B26B-F9AE-49D7-99D1-4A5137F3A5A7}
		{CAFF7056-4199-4AB0-B432-E2F263AD36F9} = {0E58B26B-F9AE-49D7-99D1-4A5137F3A5A7}
		{3E999ED8-21D4-46A1-A387-C60BD69AE470} = {FB14A5EC-00EF-4FBA-837F-8D41CED67250}
	EndGlobalSection
	GlobalSection(ExtensibilityGlobals) = postSolution
		SolutionGuid = {F5DE30A9-8BB4-470A-90CA-ED48CD281D5F}
	EndGlobalSection
EndGlobal
